
Microsoft Visual Studio Solution File, Format Version 12.00
# Visual Studio Version 17
VisualStudioVersion = 17.11.35431.28
MinimumVisualStudioVersion = 10.0.40219.1
Project("{9A19103F-16F7-4668-BE54-9A1E7A4F7556}") = "1.Two Sum", "Two Sum\1.Two Sum.csproj", "{57D73DD1-7800-4BDC-A1E2-E6FA49B0A66D}"
EndProject
Project("{9A19103F-16F7-4668-BE54-9A1E7A4F7556}") = "2.Maximum Subarray", "Maximum Subarray\2.Maximum Subarray.csproj", "{859419B9-A160-4FE5-967B-F41C4595C63A}"
EndProject
Project("{FAE04EC0-301F-11D3-BF4B-00C04F79EFBC}") = "3.Merge Intervals", "Merge Intervals\3.Merge Intervals.csproj", "{592E38E7-9ED6-47E9-BFDF-7AB630BFAFC3}"
EndProject
Global
	GlobalSection(SolutionConfigurationPlatforms) = preSolution
		Debug|Any CPU = Debug|Any CPU
		Release|Any CPU = Release|Any CPU
	EndGlobalSection
	GlobalSection(ProjectConfigurationPlatforms) = postSolution
		{57D73DD1-7800-4BDC-A1E2-E6FA49B0A66D}.Debug|Any CPU.ActiveCfg = Debug|Any CPU
		{57D73DD1-7800-4BDC-A1E2-E6FA49B0A66D}.Debug|Any CPU.Build.0 = Debug|Any CPU
		{57D73DD1-7800-4BDC-A1E2-E6FA49B0A66D}.Release|Any CPU.ActiveCfg = Release|Any CPU
		{57D73DD1-7800-4BDC-A1E2-E6FA49B0A66D}.Release|Any CPU.Build.0 = Release|Any CPU
		{859419B9-A160-4FE5-967B-F41C4595C63A}.Debug|Any CPU.ActiveCfg = Debug|Any CPU
		{859419B9-A160-4FE5-967B-F41C4595C63A}.Debug|Any CPU.Build.0 = Debug|Any CPU
		{859419B9-A160-4FE5-967B-F41C4595C63A}.Release|Any CPU.ActiveCfg = Release|Any CPU
		{859419B9-A160-4FE5-967B-F41C4595C63A}.Release|Any CPU.Build.0 = Release|Any CPU
		{592E38E7-9ED6-47E9-BFDF-7AB630BFAFC3}.Debug|Any CPU.ActiveCfg = Debug|Any CPU
		{592E38E7-9ED6-47E9-BFDF-7AB630BFAFC3}.Debug|Any CPU.Build.0 = Debug|Any CPU
		{592E38E7-9ED6-47E9-BFDF-7AB630BFAFC3}.Release|Any CPU.ActiveCfg = Release|Any CPU
		{592E38E7-9ED6-47E9-BFDF-7AB630BFAFC3}.Release|Any CPU.Build.0 = Release|Any CPU
	EndGlobalSection
	GlobalSection(SolutionProperties) = preSolution
		HideSolutionNode = FALSE
	EndGlobalSection
	GlobalSection(ExtensibilityGlobals) = postSolution
		SolutionGuid = {F9E77E26-17A4-4C2D-97B5-8C80C8B57057}
	EndGlobalSection
EndGlobal
